{
  "requires": true,
  "lockfileVersion": 1,
  "dependencies": {
    "chrome-remote-interface": {
      "version": "0.31.0",
      "resolved": "https://registry.npmjs.org/chrome-remote-interface/-/chrome-remote-interface-0.31.0.tgz",
      "integrity": "sha512-DrD4ZACKAFT3lVldKVDRlYrI9bmZSk7kYcf+OKwFpBM9fZyCPvVKb+yGnmXBkHv7/BEkW8ouu+EHRugAOJ3pPg==",
      "requires": {
        "commander": "2.11.x",
        "ws": "^7.2.0"
      }
    },
    "commander": {
      "version": "2.11.0",
      "resolved": "https://registry.npmjs.org/commander/-/commander-2.11.0.tgz",
      "integrity": "sha512-b0553uYA5YAEGgyYIGYROzKQ7X5RAqedkfjiZxwi0kL1g3bOaBNNZfYkzt/CL0umgD5wc9Jec2FbB98CjkMRvQ=="
    },
    "ws": {
      "version": "7.5.3",
      "resolved": "https://registry.npmjs.org/ws/-/ws-7.5.3.tgz",
      "integrity": "sha512-kQ/dHIzuLrS6Je9+uv81ueZomEwH0qVYstcAQ4/Z93K8zeko9gtAbttJWzoC5ukqXY1PpoouV3+VSOqEAFt5wg=="
    }
  }
}
