{
  "name": "nodejs",
  "lockfileVersion": 3,
  "requires": true,
  "packages": {
    "": {
      "dependencies": {
        "unxhr": "1.2.0"
      }
    },
    "node_modules/unxhr": {
      "version": "1.2.0",
      "resolved": "https://registry.npmjs.org/unxhr/-/unxhr-1.2.0.tgz",
      "integrity": "sha512-6cGpm8NFXPD9QbSNx0cD2giy7teZ6xOkCUH3U89WKVkL9N9rBrWjlCwhR94Re18ZlAop4MOc3WU1M3Hv/bgpIw==",
      "license": "MIT",
      "engines": {
        "node": ">=8.11"
      }
    }
  }
}
